
Microsoft Visual Studio Solution File, Format Version 12.00
# Visual Studio Version 17
VisualStudioVersion = 17.14.36603.0 d17.14
MinimumVisualStudioVersion = 10.0.40219.1
Project("{8BC9CEB8-8B4A-11D0-8D11-00A0C91BC942}") = "Bank project1", "Bank project1\Bank project1.vcxproj", "{72A7A494-7117-413A-86F8-1A592156F829}"
EndProject
Global
	GlobalSection(SolutionConfigurationPlatforms) = preSolution
		Debug|x64 = Debug|x64
		Debug|x86 = Debug|x86
		Release|x64 = Release|x64
		Release|x86 = Release|x86
	EndGlobalSection
	GlobalSection(ProjectConfigurationPlatforms) = postSolution
		{72A7A494-7117-413A-86F8-1A592156F829}.Debug|x64.ActiveCfg = Debug|x64
		{72A7A494-7117-413A-86F8-1A592156F829}.Debug|x64.Build.0 = Debug|x64
		{72A7A494-7117-413A-86F8-1A592156F829}.Debug|x86.ActiveCfg = Debug|Win32
		{72A7A494-7117-413A-86F8-1A592156F829}.Debug|x86.Build.0 = Debug|Win32
		{72A7A494-7117-413A-86F8-1A592156F829}.Release|x64.ActiveCfg = Release|x64
		{72A7A494-7117-413A-86F8-1A592156F829}.Release|x64.Build.0 = Release|x64
		{72A7A494-7117-413A-86F8-1A592156F829}.Release|x86.ActiveCfg = Release|Win32
		{72A7A494-7117-413A-86F8-1A592156F829}.Release|x86.Build.0 = Release|Win32
	EndGlobalSection
	GlobalSection(SolutionProperties) = preSolution
		HideSolutionNode = FALSE
	EndGlobalSection
	GlobalSection(ExtensibilityGlobals) = postSolution
		SolutionGuid = {61A35059-0CB2-4BF9-BCB4-F023C0264D0A}
	EndGlobalSection
EndGlobal
